
Microsoft Visual Studio Solution File, Format Version 12.00
# Visual Studio Version 17
VisualStudioVersion = 17.0.31903.59
MinimumVisualStudioVersion = 10.0.40219.1
Project("{FAE04EC0-301F-11D3-BF4B-00C04F79EFBC}") = "CA", "CA\CA.csproj", "{DE013043-AD41-45E3-A8CA-87A95682E475}"
EndProject
Project("{2150E333-8FDC-42A3-9474-1A3956D46DE8}") = "Solution Items", "Solution Items", "{9E1B4628-CDF0-492E-B854-B62AE2DCF651}"
	ProjectSection(SolutionItems) = preProject
		.editorconfig = .editorconfig
	EndProjectSection
EndProject
Project("{FAE04EC0-301F-11D3-BF4B-00C04F79EFBC}") = "CA_UnitTest", "CA_UnitTest\CA_UnitTest.csproj", "{6AE4A838-B748-4860-BC4B-BB55926A251D}"
EndProject
Global
	GlobalSection(SolutionConfigurationPlatforms) = preSolution
		Debug|Any CPU = Debug|Any CPU
		Release|Any CPU = Release|Any CPU
	EndGlobalSection
	GlobalSection(ProjectConfigurationPlatforms) = postSolution
		{DE013043-AD41-45E3-A8CA-87A95682E475}.Debug|Any CPU.ActiveCfg = Debug|Any CPU
		{DE013043-AD41-45E3-A8CA-87A95682E475}.Debug|Any CPU.Build.0 = Debug|Any CPU
		{DE013043-AD41-45E3-A8CA-87A95682E475}.Release|Any CPU.ActiveCfg = Release|Any CPU
		{DE013043-AD41-45E3-A8CA-87A95682E475}.Release|Any CPU.Build.0 = Release|Any CPU
		{6AE4A838-B748-4860-BC4B-BB55926A251D}.Debug|Any CPU.ActiveCfg = Debug|Any CPU
		{6AE4A838-B748-4860-BC4B-BB55926A251D}.Debug|Any CPU.Build.0 = Debug|Any CPU
		{6AE4A838-B748-4860-BC4B-BB55926A251D}.Release|Any CPU.ActiveCfg = Release|Any CPU
		{6AE4A838-B748-4860-BC4B-BB55926A251D}.Release|Any CPU.Build.0 = Release|Any CPU
	EndGlobalSection
	GlobalSection(SolutionProperties) = preSolution
		HideSolutionNode = FALSE
	EndGlobalSection
EndGlobal
